
Microsoft Visual Studio Solution File, Format Version 12.00
Project("{FAE04EC0-301F-11D3-BF4B-00C04F79EFBC}") = "SumNumbers", "SumNumbers\SumNumbers.csproj", "{E537F1FA-7C16-4789-8BD7-8797B2BC6E78}"
EndProject
Global
	GlobalSection(SolutionConfigurationPlatforms) = preSolution
		Debug|Any CPU = Debug|Any CPU
		Release|Any CPU = Release|Any CPU
	EndGlobalSection
	GlobalSection(ProjectConfigurationPlatforms) = postSolution
		{E537F1FA-7C16-4789-8BD7-8797B2BC6E78}.Debug|Any CPU.ActiveCfg = Debug|Any CPU
		{E537F1FA-7C16-4789-8BD7-8797B2BC6E78}.Debug|Any CPU.Build.0 = Debug|Any CPU
		{E537F1FA-7C16-4789-8BD7-8797B2BC6E78}.Release|Any CPU.ActiveCfg = Release|Any CPU
		{E537F1FA-7C16-4789-8BD7-8797B2BC6E78}.Release|Any CPU.Build.0 = Release|Any CPU
	EndGlobalSection
EndGlobal
